
Microsoft Visual Studio Solution File, Format Version 12.00
# Visual Studio Version 16
VisualStudioVersion = 16.0.31321.278
MinimumVisualStudioVersion = 10.0.40219.1
Project("{FAE04EC0-301F-11D3-BF4B-00C04F79EFBC}") = "webPage", "webPage\webPage.csproj", "{B058FFC5-80FA-4F00-BED1-53585B7E9F00}"
EndProject
Global
	GlobalSection(SolutionConfigurationPlatforms) = preSolution
		Debug|Any CPU = Debug|Any CPU
		Release|Any CPU = Release|Any CPU
	EndGlobalSection
	GlobalSection(ProjectConfigurationPlatforms) = postSolution
		{B058FFC5-80FA-4F00-BED1-53585B7E9F00}.Debug|Any CPU.ActiveCfg = Debug|Any CPU
		{B058FFC5-80FA-4F00-BED1-53585B7E9F00}.Debug|Any CPU.Build.0 = Debug|Any CPU
		{B058FFC5-80FA-4F00-BED1-53585B7E9F00}.Release|Any CPU.ActiveCfg = Release|Any CPU
		{B058FFC5-80FA-4F00-BED1-53585B7E9F00}.Release|Any CPU.Build.0 = Release|Any CPU
	EndGlobalSection
	GlobalSection(SolutionProperties) = preSolution
		HideSolutionNode = FALSE
	EndGlobalSection
	GlobalSection(ExtensibilityGlobals) = postSolution
		SolutionGuid = {32189610-0BAE-41AF-BEEF-4E422070DAFC}
	EndGlobalSection
EndGlobal
